Microsoft Visual Studio Solution File, Format Version 11.00
# Visual Studio 2008

Project("{55F61BB6-166A-96D9-ACE9-45F0C39B48B9}") = "Latest Version", "Assembly-CSharp.csproj", "{91AB7A5E-FBF0-E4CD-8341-AE88F0D90546}"
EndProject
Global
	GlobalSection(SolutionConfigurationPlatforms) = preSolution
		Debug|Any CPU = Debug|Any CPU
		Release|Any CPU = Release|Any CPU
	EndGlobalSection
	GlobalSection(ProjectConfigurationPlatforms) = postSolution
		{91AB7A5E-FBF0-E4CD-8341-AE88F0D90546}.Debug|Any CPU.ActiveCfg = Debug|Any CPU
		{91AB7A5E-FBF0-E4CD-8341-AE88F0D90546}.Debug|Any CPU.Build.0 = Debug|Any CPU
		{91AB7A5E-FBF0-E4CD-8341-AE88F0D90546}.Release|Any CPU.ActiveCfg = Release|Any CPU
		{91AB7A5E-FBF0-E4CD-8341-AE88F0D90546}.Release|Any CPU.Build.0 = Release|Any CPU
	EndGlobalSection
	GlobalSection(SolutionProperties) = preSolution
		HideSolutionNode = FALSE
	EndGlobalSection
	GlobalSection(MonoDevelopProperties) = preSolution
		StartupItem = Assembly-CSharp.csproj
	EndGlobalSection
EndGlobal
