
Microsoft Visual Studio Solution File, Format Version 12.00
# Visual Studio 2017
Project("{FAE04EC0-301F-11D3-BF4B-00C04F79EFBC}") = "Mage-Match", "Mage-Match.csproj", "{61842E90-9610-9018-B267-BA3C576EAB71}"
EndProject
Project("{FAE04EC0-301F-11D3-BF4B-00C04F79EFBC}") = "Mage-Match.Plugins", "Mage-Match.Plugins.csproj", "{AB610701-DBD4-13BC-599F-41C7A40514EB}"
EndProject
Project("{FAE04EC0-301F-11D3-BF4B-00C04F79EFBC}") = "Mage-Match.Editor.Plugins", "Mage-Match.Editor.Plugins.csproj", "{D32FBBAF-457C-E1F1-D763-0BEA64A2EBE0}"
EndProject
Project("{FAE04EC0-301F-11D3-BF4B-00C04F79EFBC}") = "Mage-Match.Editor", "Mage-Match.Editor.csproj", "{9F8A7498-865A-55E2-C070-3DFAE49C54E3}"
EndProject
Global
	GlobalSection(SolutionConfigurationPlatforms) = preSolution
		Debug|Any CPU = Debug|Any CPU
		Release|Any CPU = Release|Any CPU
	EndGlobalSection
	GlobalSection(ProjectConfigurationPlatforms) = postSolution
		{61842E90-9610-9018-B267-BA3C576EAB71}.Debug|Any CPU.ActiveCfg = Debug|Any CPU
		{61842E90-9610-9018-B267-BA3C576EAB71}.Debug|Any CPU.Build.0 = Debug|Any CPU
		{61842E90-9610-9018-B267-BA3C576EAB71}.Release|Any CPU.ActiveCfg = Release|Any CPU
		{61842E90-9610-9018-B267-BA3C576EAB71}.Release|Any CPU.Build.0 = Release|Any CPU
		{AB610701-DBD4-13BC-599F-41C7A40514EB}.Debug|Any CPU.ActiveCfg = Debug|Any CPU
		{AB610701-DBD4-13BC-599F-41C7A40514EB}.Debug|Any CPU.Build.0 = Debug|Any CPU
		{AB610701-DBD4-13BC-599F-41C7A40514EB}.Release|Any CPU.ActiveCfg = Release|Any CPU
		{AB610701-DBD4-13BC-599F-41C7A40514EB}.Release|Any CPU.Build.0 = Release|Any CPU
		{D32FBBAF-457C-E1F1-D763-0BEA64A2EBE0}.Debug|Any CPU.ActiveCfg = Debug|Any CPU
		{D32FBBAF-457C-E1F1-D763-0BEA64A2EBE0}.Debug|Any CPU.Build.0 = Debug|Any CPU
		{D32FBBAF-457C-E1F1-D763-0BEA64A2EBE0}.Release|Any CPU.ActiveCfg = Release|Any CPU
		{D32FBBAF-457C-E1F1-D763-0BEA64A2EBE0}.Release|Any CPU.Build.0 = Release|Any CPU
		{9F8A7498-865A-55E2-C070-3DFAE49C54E3}.Debug|Any CPU.ActiveCfg = Debug|Any CPU
		{9F8A7498-865A-55E2-C070-3DFAE49C54E3}.Debug|Any CPU.Build.0 = Debug|Any CPU
		{9F8A7498-865A-55E2-C070-3DFAE49C54E3}.Release|Any CPU.ActiveCfg = Release|Any CPU
		{9F8A7498-865A-55E2-C070-3DFAE49C54E3}.Release|Any CPU.Build.0 = Release|Any CPU
	EndGlobalSection
	GlobalSection(SolutionProperties) = preSolution
		HideSolutionNode = FALSE
	EndGlobalSection
EndGlobal
