
Microsoft Visual Studio Solution File, Format Version 12.00
# Visual Studio 2015
Project("{FAE04EC0-301F-11D3-BF4B-00C04F79EFBC}") = "Mage-Match.CSharp.Plugins", "Mage-Match.CSharp.Plugins.csproj", "{05257F01-F373-8500-54BB-BC027EA530A4}"
EndProject
Project("{FAE04EC0-301F-11D3-BF4B-00C04F79EFBC}") = "Mage-Match.CSharp", "Mage-Match.CSharp.csproj", "{4F395D2A-9A4C-60E8-1F9F-EAD771908128}"
EndProject
Project("{FAE04EC0-301F-11D3-BF4B-00C04F79EFBC}") = "Mage-Match.CSharp.Editor", "Mage-Match.CSharp.Editor.csproj", "{4A864786-8DB2-C131-7EA1-F369DAF4E036}"
EndProject
Global
	GlobalSection(SolutionConfigurationPlatforms) = preSolution
		Debug|Any CPU = Debug|Any CPU
		Release|Any CPU = Release|Any CPU
	EndGlobalSection
	GlobalSection(ProjectConfigurationPlatforms) = postSolution
		{05257F01-F373-8500-54BB-BC027EA530A4}.Debug|Any CPU.ActiveCfg = Debug|Any CPU
		{05257F01-F373-8500-54BB-BC027EA530A4}.Debug|Any CPU.Build.0 = Debug|Any CPU
		{05257F01-F373-8500-54BB-BC027EA530A4}.Release|Any CPU.ActiveCfg = Release|Any CPU
		{05257F01-F373-8500-54BB-BC027EA530A4}.Release|Any CPU.Build.0 = Release|Any CPU
		{4F395D2A-9A4C-60E8-1F9F-EAD771908128}.Debug|Any CPU.ActiveCfg = Debug|Any CPU
		{4F395D2A-9A4C-60E8-1F9F-EAD771908128}.Debug|Any CPU.Build.0 = Debug|Any CPU
		{4F395D2A-9A4C-60E8-1F9F-EAD771908128}.Release|Any CPU.ActiveCfg = Release|Any CPU
		{4F395D2A-9A4C-60E8-1F9F-EAD771908128}.Release|Any CPU.Build.0 = Release|Any CPU
		{4A864786-8DB2-C131-7EA1-F369DAF4E036}.Debug|Any CPU.ActiveCfg = Debug|Any CPU
		{4A864786-8DB2-C131-7EA1-F369DAF4E036}.Debug|Any CPU.Build.0 = Debug|Any CPU
		{4A864786-8DB2-C131-7EA1-F369DAF4E036}.Release|Any CPU.ActiveCfg = Release|Any CPU
		{4A864786-8DB2-C131-7EA1-F369DAF4E036}.Release|Any CPU.Build.0 = Release|Any CPU
	EndGlobalSection
	GlobalSection(SolutionProperties) = preSolution
		HideSolutionNode = FALSE
	EndGlobalSection
EndGlobal
