Microsoft Visual Studio Solution File, Format Version 11.00
# Visual Studio 2008

Project("{B96AE7C1-EA70-1B75-0349-81F7611024C1}") = "Mage Match v0.3.8", "Assembly-CSharp.csproj", "{5EC78664-907F-7FF3-53F4-109FA612C031}"
EndProject
Global
	GlobalSection(SolutionConfigurationPlatforms) = preSolution
		Debug|Any CPU = Debug|Any CPU
		Release|Any CPU = Release|Any CPU
	EndGlobalSection
	GlobalSection(ProjectConfigurationPlatforms) = postSolution
		{5EC78664-907F-7FF3-53F4-109FA612C031}.Debug|Any CPU.ActiveCfg = Debug|Any CPU
		{5EC78664-907F-7FF3-53F4-109FA612C031}.Debug|Any CPU.Build.0 = Debug|Any CPU
		{5EC78664-907F-7FF3-53F4-109FA612C031}.Release|Any CPU.ActiveCfg = Release|Any CPU
		{5EC78664-907F-7FF3-53F4-109FA612C031}.Release|Any CPU.Build.0 = Release|Any CPU
	EndGlobalSection
	GlobalSection(SolutionProperties) = preSolution
		HideSolutionNode = FALSE
	EndGlobalSection
	GlobalSection(MonoDevelopProperties) = preSolution
		StartupItem = Assembly-CSharp.csproj
	EndGlobalSection
EndGlobal
