Microsoft Visual Studio Solution File, Format Version 11.00
# Visual Studio 2008

Project("{2F56A8E7-8425-2E34-52AD-7F0129A0F53E}") = "Mage-Match-master", "Assembly-CSharp.csproj", "{8A2EBAB0-B9BF-B7B6-9585-9BB4CEF8B73C}"
EndProject
Global
	GlobalSection(SolutionConfigurationPlatforms) = preSolution
		Debug|Any CPU = Debug|Any CPU
		Release|Any CPU = Release|Any CPU
	EndGlobalSection
	GlobalSection(ProjectConfigurationPlatforms) = postSolution
		{8A2EBAB0-B9BF-B7B6-9585-9BB4CEF8B73C}.Debug|Any CPU.ActiveCfg = Debug|Any CPU
		{8A2EBAB0-B9BF-B7B6-9585-9BB4CEF8B73C}.Debug|Any CPU.Build.0 = Debug|Any CPU
		{8A2EBAB0-B9BF-B7B6-9585-9BB4CEF8B73C}.Release|Any CPU.ActiveCfg = Release|Any CPU
		{8A2EBAB0-B9BF-B7B6-9585-9BB4CEF8B73C}.Release|Any CPU.Build.0 = Release|Any CPU
	EndGlobalSection
	GlobalSection(SolutionProperties) = preSolution
		HideSolutionNode = FALSE
	EndGlobalSection
	GlobalSection(MonoDevelopProperties) = preSolution
		StartupItem = Assembly-CSharp.csproj
	EndGlobalSection
EndGlobal
